
Microsoft Visual Studio Solution File, Format Version 12.00
# Visual Studio 15
VisualStudioVersion = 15.0.27428.2002
MinimumVisualStudioVersion = 10.0.40219.1
Project("{FAE04EC0-301F-11D3-BF4B-00C04F79EFBC}") = "SanteDB.BusinessRules.JavaScript", "SanteDB.BusinessRules.JavaScript\SanteDB.BusinessRules.JavaScript.csproj", "{3BFD6EE6-0267-4D82-BE7D-9B48B2F6F3D4}"
EndProject
Project("{FAE04EC0-301F-11D3-BF4B-00C04F79EFBC}") = "SanteDB.BusinessRules.JavaScript.Test", "SanteDB.BusinessRules.JavaScript.Test\SanteDB.BusinessRules.JavaScript.Test.csproj", "{6AFCADBB-4505-43FD-A1BA-ED7DBC1BB232}"
EndProject
Global
	GlobalSection(SolutionConfigurationPlatforms) = preSolution
		Debug|Any CPU = Debug|Any CPU
		Release|Any CPU = Release|Any CPU
	EndGlobalSection
	GlobalSection(ProjectConfigurationPlatforms) = postSolution
		{3BFD6EE6-0267-4D82-BE7D-9B48B2F6F3D4}.Debug|Any CPU.ActiveCfg = Debug|Any CPU
		{3BFD6EE6-0267-4D82-BE7D-9B48B2F6F3D4}.Debug|Any CPU.Build.0 = Debug|Any CPU
		{3BFD6EE6-0267-4D82-BE7D-9B48B2F6F3D4}.Release|Any CPU.ActiveCfg = Release|Any CPU
		{3BFD6EE6-0267-4D82-BE7D-9B48B2F6F3D4}.Release|Any CPU.Build.0 = Release|Any CPU
		{6AFCADBB-4505-43FD-A1BA-ED7DBC1BB232}.Debug|Any CPU.ActiveCfg = Debug|Any CPU
		{6AFCADBB-4505-43FD-A1BA-ED7DBC1BB232}.Debug|Any CPU.Build.0 = Debug|Any CPU
		{6AFCADBB-4505-43FD-A1BA-ED7DBC1BB232}.Release|Any CPU.ActiveCfg = Release|Any CPU
		{6AFCADBB-4505-43FD-A1BA-ED7DBC1BB232}.Release|Any CPU.Build.0 = Release|Any CPU
	EndGlobalSection
	GlobalSection(SolutionProperties) = preSolution
		HideSolutionNode = FALSE
	EndGlobalSection
	GlobalSection(ExtensibilityGlobals) = postSolution
		SolutionGuid = {A0C1A724-3706-4B80-AA88-6E7C444CAA28}
	EndGlobalSection
EndGlobal
